
Microsoft Visual Studio Solution File, Format Version 12.00
# Visual Studio Version 17
VisualStudioVersion = 17.0.32014.148
MinimumVisualStudioVersion = 10.0.40219.1
Project("{9A19103F-16F7-4668-BE54-9A1E7A4F7556}") = "GenerationPDF", "GenerationPDF\GenerationPDF.csproj", "{52EADC2D-6FDC-4B7C-920A-BE320C872AE0}"
EndProject
Project("{FAE04EC0-301F-11D3-BF4B-00C04F79EFBC}") = "RawPrintGeneric", "RawPrintGeneric\RawPrintGeneric.csproj", "{D2F04B06-F9D8-4B66-94E2-E4793750BD21}"
EndProject
Global
	GlobalSection(SolutionConfigurationPlatforms) = preSolution
		Debug|Any CPU = Debug|Any CPU
		Release|Any CPU = Release|Any CPU
	EndGlobalSection
	GlobalSection(ProjectConfigurationPlatforms) = postSolution
		{52EADC2D-6FDC-4B7C-920A-BE320C872AE0}.Debug|Any CPU.ActiveCfg = Debug|Any CPU
		{52EADC2D-6FDC-4B7C-920A-BE320C872AE0}.Debug|Any CPU.Build.0 = Debug|Any CPU
		{52EADC2D-6FDC-4B7C-920A-BE320C872AE0}.Release|Any CPU.ActiveCfg = Release|Any CPU
		{52EADC2D-6FDC-4B7C-920A-BE320C872AE0}.Release|Any CPU.Build.0 = Release|Any CPU
		{D2F04B06-F9D8-4B66-94E2-E4793750BD21}.Debug|Any CPU.ActiveCfg = Debug|Any CPU
		{D2F04B06-F9D8-4B66-94E2-E4793750BD21}.Debug|Any CPU.Build.0 = Debug|Any CPU
		{D2F04B06-F9D8-4B66-94E2-E4793750BD21}.Release|Any CPU.ActiveCfg = Release|Any CPU
		{D2F04B06-F9D8-4B66-94E2-E4793750BD21}.Release|Any CPU.Build.0 = Release|Any CPU
	EndGlobalSection
	GlobalSection(SolutionProperties) = preSolution
		HideSolutionNode = FALSE
	EndGlobalSection
	GlobalSection(ExtensibilityGlobals) = postSolution
		SolutionGuid = {40C644A5-A4B9-46AC-835D-F5DAA3AF878E}
	EndGlobalSection
EndGlobal
